// !$*UTF8*$!
{
	archiveVersion = 1;
	classes = {
	};
	objectVersion = 51;
	objects = {

/* Begin PBXBuildFile section */
		24146D9E23F6BB91004CFA45 /* Constants.swift in Sources */ = {isa = PBXBuildFile; fileRef = 24146D9D23F6BB91004CFA45 /* Constants.swift */; };
		24261BC223F6A3E0009DF49A /* AppDelegate.swift in Sources */ = {isa = PBXBuildFile; fileRef = 24261BC123F6A3E0009DF49A /* AppDelegate.swift */; };
		24261BC623F6A3E0009DF49A /* MWViewController.swift in Sources */ = {isa = PBXBuildFile; fileRef = 24261BC523F6A3E0009DF49A /* MWViewController.swift */; };
		24261BCB23F6A3E1009DF49A /* Assets.xcassets in Resources */ = {isa = PBXBuildFile; fileRef = 24261BCA23F6A3E1009DF49A /* Assets.xcassets */; };
		24261BCE23F6A3E1009DF49A /* LaunchScreen.storyboard in Resources */ = {isa = PBXBuildFile; fileRef = 24261BCC23F6A3E1009DF49A /* LaunchScreen.storyboard */; };
		29A80035490F8BD7570DDCDA /* Pods_MovieWorld.framework in Frameworks */ = {isa = PBXBuildFile; fileRef = CCC646B84CB2D1D9F5669D89 /* Pods_MovieWorld.framework */; };
		CF3102472405636300AC0E1A /* MWInterface.swift in Sources */ = {isa = PBXBuildFile; fileRef = CF3102462405636300AC0E1A /* MWInterface.swift */; };
		CF310249240565B900AC0E1A /* Colors.xcassets in Resources */ = {isa = PBXBuildFile; fileRef = CF310248240565B900AC0E1A /* Colors.xcassets */; };
		CF31024B24056A4C00AC0E1A /* MWMainTabBarController.swift in Sources */ = {isa = PBXBuildFile; fileRef = CF31024A24056A4C00AC0E1A /* MWMainTabBarController.swift */; };
		CF31024D24056AA000AC0E1A /* MWMainViewController.swift in Sources */ = {isa = PBXBuildFile; fileRef = CF31024C24056AA000AC0E1A /* MWMainViewController.swift */; };
		CF31025024056AB900AC0E1A /* MWCategoryViewController.swift in Sources */ = {isa = PBXBuildFile; fileRef = CF31024F24056AB900AC0E1A /* MWCategoryViewController.swift */; };
		CF31025224056ACA00AC0E1A /* MWSearchViewController.swift in Sources */ = {isa = PBXBuildFile; fileRef = CF31025124056ACA00AC0E1A /* MWSearchViewController.swift */; };
		CF31025424057D4F00AC0E1A /* MWMovie.swift in Sources */ = {isa = PBXBuildFile; fileRef = CF31025324057D4F00AC0E1A /* MWMovie.swift */; };
		CF31025624057E2E00AC0E1A /* MWMovieSectionTableViewCell.swift in Sources */ = {isa = PBXBuildFile; fileRef = CF31025524057E2E00AC0E1A /* MWMovieSectionTableViewCell.swift */; };
		CF7A044D240EA0450003AD7B /* MWNetwork.swift in Sources */ = {isa = PBXBuildFile; fileRef = CF7A044C240EA0450003AD7B /* MWNetwork.swift */; };
		CF7A044F240EA3020003AD7B /* MWNetError.swift in Sources */ = {isa = PBXBuildFile; fileRef = CF7A044E240EA3020003AD7B /* MWNetError.swift */; };
		CF7A0451240EA3230003AD7B /* MWURLPaths.swift in Sources */ = {isa = PBXBuildFile; fileRef = CF7A0450240EA3230003AD7B /* MWURLPaths.swift */; };
		CF942B122406CE1D00849D78 /* MWCardCollectionViewCell.swift in Sources */ = {isa = PBXBuildFile; fileRef = CF942B112406CE1D00849D78 /* MWCardCollectionViewCell.swift */; };
		CFF03AD32406ADEC0075A10F /* MWNextButton.swift in Sources */ = {isa = PBXBuildFile; fileRef = CFF03AD22406ADEC0075A10F /* MWNextButton.swift */; };
		CFF03AD52406BA220075A10F /* MWButton.swift in Sources */ = {isa = PBXBuildFile; fileRef = CFF03AD42406BA220075A10F /* MWButton.swift */; };
/* End PBXBuildFile section */

/* Begin PBXFileReference section */
		24146D9D23F6BB91004CFA45 /* Constants.swift */ = {isa = PBXFileReference; lastKnownFileType = sourcecode.swift; path = Constants.swift; sourceTree = "<group>"; };
		24261BBE23F6A3E0009DF49A /* MovieWorld.app */ = {isa = PBXFileReference; explicitFileType = wrapper.application; includeInIndex = 0; path = MovieWorld.app; sourceTree = BUILT_PRODUCTS_DIR; };
		24261BC123F6A3E0009DF49A /* AppDelegate.swift */ = {isa = PBXFileReference; lastKnownFileType = sourcecode.swift; path = AppDelegate.swift; sourceTree = "<group>"; };
		24261BC523F6A3E0009DF49A /* MWViewController.swift */ = {isa = PBXFileReference; lastKnownFileType = sourcecode.swift; path = MWViewController.swift; sourceTree = "<group>"; };
		24261BCA23F6A3E1009DF49A /* Assets.xcassets */ = {isa = PBXFileReference; lastKnownFileType = folder.assetcatalog; path = Assets.xcassets; sourceTree = "<group>"; };
		24261BCD23F6A3E1009DF49A /* Base */ = {isa = PBXFileReference; lastKnownFileType = file.storyboard; name = Base; path = Base.lproj/LaunchScreen.storyboard; sourceTree = "<group>"; };
		24261BCF23F6A3E1009DF49A /* Info.plist */ = {isa = PBXFileReference; lastKnownFileType = text.plist.xml; path = Info.plist; sourceTree = "<group>"; };
		CCC646B84CB2D1D9F5669D89 /* Pods_MovieWorld.framework */ = {isa = PBXFileReference; explicitFileType = wrapper.framework; includeInIndex = 0; path = Pods_MovieWorld.framework; sourceTree = BUILT_PRODUCTS_DIR; };
		CF3102462405636300AC0E1A /* MWInterface.swift */ = {isa = PBXFileReference; lastKnownFileType = sourcecode.swift; path = MWInterface.swift; sourceTree = "<group>"; };
		CF310248240565B900AC0E1A /* Colors.xcassets */ = {isa = PBXFileReference; lastKnownFileType = folder.assetcatalog; path = Colors.xcassets; sourceTree = "<group>"; };
		CF31024A24056A4C00AC0E1A /* MWMainTabBarController.swift */ = {isa = PBXFileReference; lastKnownFileType = sourcecode.swift; path = MWMainTabBarController.swift; sourceTree = "<group>"; };
		CF31024C24056AA000AC0E1A /* MWMainViewController.swift */ = {isa = PBXFileReference; lastKnownFileType = sourcecode.swift; path = MWMainViewController.swift; sourceTree = "<group>"; };
		CF31024F24056AB900AC0E1A /* MWCategoryViewController.swift */ = {isa = PBXFileReference; lastKnownFileType = sourcecode.swift; path = MWCategoryViewController.swift; sourceTree = "<group>"; };
		CF31025124056ACA00AC0E1A /* MWSearchViewController.swift */ = {isa = PBXFileReference; lastKnownFileType = sourcecode.swift; path = MWSearchViewController.swift; sourceTree = "<group>"; };
		CF31025324057D4F00AC0E1A /* MWMovie.swift */ = {isa = PBXFileReference; lastKnownFileType = sourcecode.swift; path = MWMovie.swift; sourceTree = "<group>"; };
		CF31025524057E2E00AC0E1A /* MWMovieSectionTableViewCell.swift */ = {isa = PBXFileReference; lastKnownFileType = sourcecode.swift; path = MWMovieSectionTableViewCell.swift; sourceTree = "<group>"; };
		CF7A044C240EA0450003AD7B /* MWNetwork.swift */ = {isa = PBXFileReference; lastKnownFileType = sourcecode.swift; path = MWNetwork.swift; sourceTree = "<group>"; };
		CF7A044E240EA3020003AD7B /* MWNetError.swift */ = {isa = PBXFileReference; lastKnownFileType = sourcecode.swift; path = MWNetError.swift; sourceTree = "<group>"; };
		CF7A0450240EA3230003AD7B /* MWURLPaths.swift */ = {isa = PBXFileReference; lastKnownFileType = sourcecode.swift; path = MWURLPaths.swift; sourceTree = "<group>"; };
		CF942B112406CE1D00849D78 /* MWCardCollectionViewCell.swift */ = {isa = PBXFileReference; lastKnownFileType = sourcecode.swift; path = MWCardCollectionViewCell.swift; sourceTree = "<group>"; };
		CFF03AD22406ADEC0075A10F /* MWNextButton.swift */ = {isa = PBXFileReference; lastKnownFileType = sourcecode.swift; path = MWNextButton.swift; sourceTree = "<group>"; };
		CFF03AD42406BA220075A10F /* MWButton.swift */ = {isa = PBXFileReference; lastKnownFileType = sourcecode.swift; path = MWButton.swift; sourceTree = "<group>"; };
		D840BBF260C28B8ED11050DE /* Pods-MovieWorld.release.xcconfig */ = {isa = PBXFileReference; includeInIndex = 1; lastKnownFileType = text.xcconfig; name = "Pods-MovieWorld.release.xcconfig"; path = "Target Support Files/Pods-MovieWorld/Pods-MovieWorld.release.xcconfig"; sourceTree = "<group>"; };
		FF948485364ACC6335801C53 /* Pods-MovieWorld.debug.xcconfig */ = {isa = PBXFileReference; includeInIndex = 1; lastKnownFileType = text.xcconfig; name = "Pods-MovieWorld.debug.xcconfig"; path = "Target Support Files/Pods-MovieWorld/Pods-MovieWorld.debug.xcconfig"; sourceTree = "<group>"; };
/* End PBXFileReference section */

/* Begin PBXFrameworksBuildPhase section */
		24261BBB23F6A3E0009DF49A /* Frameworks */ = {
			isa = PBXFrameworksBuildPhase;
			buildActionMask = 2147483647;
			files = (
				29A80035490F8BD7570DDCDA /* Pods_MovieWorld.framework in Frameworks */,
			);
			runOnlyForDeploymentPostprocessing = 0;
		};
/* End PBXFrameworksBuildPhase section */

/* Begin PBXGroup section */
		1D14FAC658BE32876533FF06 /* Frameworks */ = {
			isa = PBXGroup;
			children = (
				CCC646B84CB2D1D9F5669D89 /* Pods_MovieWorld.framework */,
			);
			name = Frameworks;
			sourceTree = "<group>";
		};
		24261BB523F6A3E0009DF49A = {
			isa = PBXGroup;
			children = (
				24261BC023F6A3E0009DF49A /* MovieWorld */,
				24261BBF23F6A3E0009DF49A /* Products */,
				C5A5DDA410B3A2705DAEF387 /* Pods */,
				1D14FAC658BE32876533FF06 /* Frameworks */,
			);
			sourceTree = "<group>";
		};
		24261BBF23F6A3E0009DF49A /* Products */ = {
			isa = PBXGroup;
			children = (
				24261BBE23F6A3E0009DF49A /* MovieWorld.app */,
			);
			name = Products;
			sourceTree = "<group>";
		};
		24261BC023F6A3E0009DF49A /* MovieWorld */ = {
			isa = PBXGroup;
			children = (
				24261BCF23F6A3E1009DF49A /* Info.plist */,
				24261BC123F6A3E0009DF49A /* AppDelegate.swift */,
				CF3102362405614000AC0E1A /* Common */,
				CF31023B240561A400AC0E1A /* Features */,
				24261BD623F6A696009DF49A /* Resources */,
			);
			path = MovieWorld;
			sourceTree = "<group>";
		};
		24261BD623F6A696009DF49A /* Resources */ = {
			isa = PBXGroup;
			children = (
				24261BCA23F6A3E1009DF49A /* Assets.xcassets */,
				CF310248240565B900AC0E1A /* Colors.xcassets */,
				24146D9D23F6BB91004CFA45 /* Constants.swift */,
				24261BCC23F6A3E1009DF49A /* LaunchScreen.storyboard */,
			);
			path = Resources;
			sourceTree = "<group>";
		};
		C5A5DDA410B3A2705DAEF387 /* Pods */ = {
			isa = PBXGroup;
			children = (
				FF948485364ACC6335801C53 /* Pods-MovieWorld.debug.xcconfig */,
				D840BBF260C28B8ED11050DE /* Pods-MovieWorld.release.xcconfig */,
			);
			path = Pods;
			sourceTree = "<group>";
		};
		CF3102362405614000AC0E1A /* Common */ = {
			isa = PBXGroup;
			children = (
				CF7A044B240EA0280003AD7B /* Network */,
				CF3102372405615700AC0E1A /* Navigation */,
				CF3102382405616000AC0E1A /* Controllers */,
				CF3102392405616800AC0E1A /* Controls */,
			);
			path = Common;
			sourceTree = "<group>";
		};
		CF3102372405615700AC0E1A /* Navigation */ = {
			isa = PBXGroup;
			children = (
				CF3102462405636300AC0E1A /* MWInterface.swift */,
				CF7A044C240EA0450003AD7B /* MWNetwork.swift */,
				CF7A044E240EA3020003AD7B /* MWNetError.swift */,
				CF7A0450240EA3230003AD7B /* MWURLPaths.swift */,
			);
			path = Navigation;
			sourceTree = "<group>";
		};
		CF3102382405616000AC0E1A /* Controllers */ = {
			isa = PBXGroup;
			children = (
				24261BC523F6A3E0009DF49A /* MWViewController.swift */,
				CF31024A24056A4C00AC0E1A /* MWMainTabBarController.swift */,
			);
			path = Controllers;
			sourceTree = "<group>";
		};
		CF3102392405616800AC0E1A /* Controls */ = {
			isa = PBXGroup;
			children = (
				CFF03AD12406ADBA0075A10F /* Buttons */,
				CF31023A2405617200AC0E1A /* Cells */,
			);
			path = Controls;
			sourceTree = "<group>";
		};
		CF31023A2405617200AC0E1A /* Cells */ = {
			isa = PBXGroup;
			children = (
				CF31025524057E2E00AC0E1A /* MWMovieSectionTableViewCell.swift */,
				CF942B112406CE1D00849D78 /* MWCardCollectionViewCell.swift */,
			);
			path = Cells;
			sourceTree = "<group>";
		};
		CF31023B240561A400AC0E1A /* Features */ = {
			isa = PBXGroup;
			children = (
				CF31023C240561B600AC0E1A /* Search */,
				CF31023D240561BC00AC0E1A /* Category */,
				CF31023E240561C200AC0E1A /* Main */,
			);
			path = Features;
			sourceTree = "<group>";
		};
		CF31023C240561B600AC0E1A /* Search */ = {
			isa = PBXGroup;
			children = (
				CF31023F240561D300AC0E1A /* Controllers */,
			);
			path = Search;
			sourceTree = "<group>";
		};
		CF31023D240561BC00AC0E1A /* Category */ = {
			isa = PBXGroup;
			children = (
				CF3102442405623400AC0E1A /* Views */,
				CF310240240561D900AC0E1A /* Controllers */,
			);
			path = Category;
			sourceTree = "<group>";
		};
		CF31023E240561C200AC0E1A /* Main */ = {
			isa = PBXGroup;
			children = (
				CF310242240561E900AC0E1A /* Models */,
				CF310243240561EE00AC0E1A /* Views */,
				CF310241240561DE00AC0E1A /* Controllers */,
			);
			path = Main;
			sourceTree = "<group>";
		};
		CF31023F240561D300AC0E1A /* Controllers */ = {
			isa = PBXGroup;
			children = (
				CF31025124056ACA00AC0E1A /* MWSearchViewController.swift */,
			);
			path = Controllers;
			sourceTree = "<group>";
		};
		CF310240240561D900AC0E1A /* Controllers */ = {
			isa = PBXGroup;
			children = (
				CF31024F24056AB900AC0E1A /* MWCategoryViewController.swift */,
			);
			path = Controllers;
			sourceTree = "<group>";
		};
		CF310241240561DE00AC0E1A /* Controllers */ = {
			isa = PBXGroup;
			children = (
				CF31024C24056AA000AC0E1A /* MWMainViewController.swift */,
			);
			path = Controllers;
			sourceTree = "<group>";
		};
		CF310242240561E900AC0E1A /* Models */ = {
			isa = PBXGroup;
			children = (
				CF31025324057D4F00AC0E1A /* MWMovie.swift */,
			);
			path = Models;
			sourceTree = "<group>";
		};
		CF310243240561EE00AC0E1A /* Views */ = {
			isa = PBXGroup;
			children = (
			);
			path = Views;
			sourceTree = "<group>";
		};
		CF3102442405623400AC0E1A /* Views */ = {
			isa = PBXGroup;
			children = (
			);
			path = Views;
			sourceTree = "<group>";
		};
		CF7A044B240EA0280003AD7B /* Network */ = {
			isa = PBXGroup;
			children = (
			);
			path = Network;
			sourceTree = "<group>";
		};
		CFF03AD12406ADBA0075A10F /* Buttons */ = {
			isa = PBXGroup;
			children = (
				CFF03AD42406BA220075A10F /* MWButton.swift */,
				CFF03AD22406ADEC0075A10F /* MWNextButton.swift */,
			);
			path = Buttons;
			sourceTree = "<group>";
		};
/* End PBXGroup section */

/* Begin PBXNativeTarget section */
		24261BBD23F6A3E0009DF49A /* MovieWorld */ = {
			isa = PBXNativeTarget;
			buildConfigurationList = 24261BD223F6A3E1009DF49A /* Build configuration list for PBXNativeTarget "MovieWorld" */;
			buildPhases = (
				6A14CCDB167378CA73421833 /* [CP] Check Pods Manifest.lock */,
				24261BBA23F6A3E0009DF49A /* Sources */,
				24261BBB23F6A3E0009DF49A /* Frameworks */,
				24261BBC23F6A3E0009DF49A /* Resources */,
				3BA79005450134AE2F2B3384 /* [CP] Embed Pods Frameworks */,
			);
			buildRules = (
			);
			dependencies = (
			);
			name = MovieWorld;
			productName = MovieWorld;
			productReference = 24261BBE23F6A3E0009DF49A /* MovieWorld.app */;
			productType = "com.apple.product-type.application";
		};
/* End PBXNativeTarget section */

/* Begin PBXProject section */
		24261BB623F6A3E0009DF49A /* Project object */ = {
			isa = PBXProject;
			attributes = {
				LastSwiftUpdateCheck = 1120;
				LastUpgradeCheck = 1120;
				ORGANIZATIONNAME = Clevertec;
				TargetAttributes = {
					24261BBD23F6A3E0009DF49A = {
						CreatedOnToolsVersion = 11.2.1;
					};
				};
			};
			buildConfigurationList = 24261BB923F6A3E0009DF49A /* Build configuration list for PBXProject "MovieWorld" */;
			compatibilityVersion = "Xcode 9.3";
			developmentRegion = en;
			hasScannedForEncodings = 0;
			knownRegions = (
				en,
				Base,
			);
			mainGroup = 24261BB523F6A3E0009DF49A;
			productRefGroup = 24261BBF23F6A3E0009DF49A /* Products */;
			projectDirPath = "";
			projectRoot = "";
			targets = (
				24261BBD23F6A3E0009DF49A /* MovieWorld */,
			);
		};
/* End PBXProject section */

/* Begin PBXResourcesBuildPhase section */
		24261BBC23F6A3E0009DF49A /* Resources */ = {
			isa = PBXResourcesBuildPhase;
			buildActionMask = 2147483647;
			files = (
				24261BCE23F6A3E1009DF49A /* LaunchScreen.storyboard in Resources */,
				CF310249240565B900AC0E1A /* Colors.xcassets in Resources */,
				24261BCB23F6A3E1009DF49A /* Assets.xcassets in Resources */,
			);
			runOnlyForDeploymentPostprocessing = 0;
		};
/* End PBXResourcesBuildPhase section */

/* Begin PBXShellScriptBuildPhase section */
		3BA79005450134AE2F2B3384 /* [CP] Embed Pods Frameworks */ = {
			isa = PBXShellScriptBuildPhase;
			buildActionMask = 2147483647;
			files = (
			);
			inputFileListPaths = (
				"${PODS_ROOT}/Target Support Files/Pods-MovieWorld/Pods-MovieWorld-frameworks-${CONFIGURATION}-input-files.xcfilelist",
			);
			name = "[CP] Embed Pods Frameworks";
			outputFileListPaths = (
				"${PODS_ROOT}/Target Support Files/Pods-MovieWorld/Pods-MovieWorld-frameworks-${CONFIGURATION}-output-files.xcfilelist",
			);
			runOnlyForDeploymentPostprocessing = 0;
			shellPath = /bin/sh;
			shellScript = "\"${PODS_ROOT}/Target Support Files/Pods-MovieWorld/Pods-MovieWorld-frameworks.sh\"\n";
			showEnvVarsInLog = 0;
		};
		6A14CCDB167378CA73421833 /* [CP] Check Pods Manifest.lock */ = {
			isa = PBXShellScriptBuildPhase;
			buildActionMask = 2147483647;
			files = (
			);
			inputFileListPaths = (
			);
			inputPaths = (
				"${PODS_PODFILE_DIR_PATH}/Podfile.lock",
				"${PODS_ROOT}/Manifest.lock",
			);
			name = "[CP] Check Pods Manifest.lock";
			outputFileListPaths = (
			);
			outputPaths = (
				"$(DERIVED_FILE_DIR)/Pods-MovieWorld-checkManifestLockResult.txt",
			);
			runOnlyForDeploymentPostprocessing = 0;
			shellPath = /bin/sh;
			shellScript = "diff \"${PODS_PODFILE_DIR_PATH}/Podfile.lock\" \"${PODS_ROOT}/Manifest.lock\" > /dev/null\nif [ $? != 0 ] ; then\n    # print error to STDERR\n    echo \"error: The sandbox is not in sync with the Podfile.lock. Run 'pod install' or update your CocoaPods installation.\" >&2\n    exit 1\nfi\n# This output is used by Xcode 'outputs' to avoid re-running this script phase.\necho \"SUCCESS\" > \"${SCRIPT_OUTPUT_FILE_0}\"\n";
			showEnvVarsInLog = 0;
		};
/* End PBXShellScriptBuildPhase section */

/* Begin PBXSourcesBuildPhase section */
		24261BBA23F6A3E0009DF49A /* Sources */ = {
			isa = PBXSourcesBuildPhase;
			buildActionMask = 2147483647;
			files = (
				CF31025224056ACA00AC0E1A /* MWSearchViewController.swift in Sources */,
				CFF03AD52406BA220075A10F /* MWButton.swift in Sources */,
				CF7A0451240EA3230003AD7B /* MWURLPaths.swift in Sources */,
				24261BC623F6A3E0009DF49A /* MWViewController.swift in Sources */,
				CF31025624057E2E00AC0E1A /* MWMovieSectionTableViewCell.swift in Sources */,
				CF31024B24056A4C00AC0E1A /* MWMainTabBarController.swift in Sources */,
				CFF03AD32406ADEC0075A10F /* MWNextButton.swift in Sources */,
				CF3102472405636300AC0E1A /* MWInterface.swift in Sources */,
				CF31025024056AB900AC0E1A /* MWCategoryViewController.swift in Sources */,
				24261BC223F6A3E0009DF49A /* AppDelegate.swift in Sources */,
				24146D9E23F6BB91004CFA45 /* Constants.swift in Sources */,
				CF7A044D240EA0450003AD7B /* MWNetwork.swift in Sources */,
				CF31025424057D4F00AC0E1A /* MWMovie.swift in Sources */,
				CF7A044F240EA3020003AD7B /* MWNetError.swift in Sources */,
				CF942B122406CE1D00849D78 /* MWCardCollectionViewCell.swift in Sources */,
				CF31024D24056AA000AC0E1A /* MWMainViewController.swift in Sources */,
			);
			runOnlyForDeploymentPostprocessing = 0;
		};
/* End PBXSourcesBuildPhase section */

/* Begin PBXVariantGroup section */
		24261BCC23F6A3E1009DF49A /* LaunchScreen.storyboard */ = {
			isa = PBXVariantGroup;
			children = (
				24261BCD23F6A3E1009DF49A /* Base */,
			);
			name = LaunchScreen.storyboard;
			sourceTree = "<group>";
		};
/* End PBXVariantGroup section */

/* Begin XCBuildConfiguration section */
		24261BD023F6A3E1009DF49A /* Debug */ = {
			isa = XCBuildConfiguration;
			buildSettings = {
				ALWAYS_SEARCH_USER_PATHS = NO;
				CLANG_ANALYZER_NONNULL = YES;
				CLANG_ANALYZER_NUMBER_OBJECT_CONVERSION = YES_AGGRESSIVE;
				CLANG_CXX_LANGUAGE_STANDARD = "gnu++14";
				CLANG_CXX_LIBRARY = "libc++";
				CLANG_ENABLE_MODULES = YES;
				CLANG_ENABLE_OBJC_ARC = YES;
				CLANG_ENABLE_OBJC_WEAK = YES;
				CLANG_WARN_BLOCK_CAPTURE_AUTORELEASING = YES;
				CLANG_WARN_BOOL_CONVERSION = YES;
				CLANG_WARN_COMMA = YES;
				CLANG_WARN_CONSTANT_CONVERSION = YES;
				CLANG_WARN_DEPRECATED_OBJC_IMPLEMENTATIONS = YES;
				CLANG_WARN_DIRECT_OBJC_ISA_USAGE = YES_ERROR;
				CLANG_WARN_DOCUMENTATION_COMMENTS = YES;
				CLANG_WARN_EMPTY_BODY = YES;
				CLANG_WARN_ENUM_CONVERSION = YES;
				CLANG_WARN_INFINITE_RECURSION = YES;
				CLANG_WARN_INT_CONVERSION = YES;
				CLANG_WARN_NON_LITERAL_NULL_CONVERSION = YES;
				CLANG_WARN_OBJC_IMPLICIT_RETAIN_SELF = YES;
				CLANG_WARN_OBJC_LITERAL_CONVERSION = YES;
				CLANG_WARN_OBJC_ROOT_CLASS = YES_ERROR;
				CLANG_WARN_RANGE_LOOP_ANALYSIS = YES;
				CLANG_WARN_STRICT_PROTOTYPES = YES;
				CLANG_WARN_SUSPICIOUS_MOVE = YES;
				CLANG_WARN_UNGUARDED_AVAILABILITY = YES_AGGRESSIVE;
				CLANG_WARN_UNREACHABLE_CODE = YES;
				CLANG_WARN__DUPLICATE_METHOD_MATCH = YES;
				COPY_PHASE_STRIP = NO;
				DEBUG_INFORMATION_FORMAT = dwarf;
				ENABLE_STRICT_OBJC_MSGSEND = YES;
				ENABLE_TESTABILITY = YES;
				GCC_C_LANGUAGE_STANDARD = gnu11;
				GCC_DYNAMIC_NO_PIC = NO;
				GCC_NO_COMMON_BLOCKS = YES;
				GCC_OPTIMIZATION_LEVEL = 0;
				GCC_PREPROCESSOR_DEFINITIONS = (
					"DEBUG=1",
					"$(inherited)",
				);
				GCC_WARN_64_TO_32_BIT_CONVERSION = YES;
				GCC_WARN_ABOUT_RETURN_TYPE = YES_ERROR;
				GCC_WARN_UNDECLARED_SELECTOR = YES;
				GCC_WARN_UNINITIALIZED_AUTOS = YES_AGGRESSIVE;
				GCC_WARN_UNUSED_FUNCTION = YES;
				GCC_WARN_UNUSED_VARIABLE = YES;
				IPHONEOS_DEPLOYMENT_TARGET = 13.2;
				MTL_ENABLE_DEBUG_INFO = INCLUDE_SOURCE;
				MTL_FAST_MATH = YES;
				ONLY_ACTIVE_ARCH = YES;
				SDKROOT = iphoneos;
				SWIFT_ACTIVE_COMPILATION_CONDITIONS = DEBUG;
				SWIFT_OPTIMIZATION_LEVEL = "-Onone";
			};
			name = Debug;
		};
		24261BD123F6A3E1009DF49A /* Release */ = {
			isa = XCBuildConfiguration;
			buildSettings = {
				ALWAYS_SEARCH_USER_PATHS = NO;
				CLANG_ANALYZER_NONNULL = YES;
				CLANG_ANALYZER_NUMBER_OBJECT_CONVERSION = YES_AGGRESSIVE;
				CLANG_CXX_LANGUAGE_STANDARD = "gnu++14";
				CLANG_CXX_LIBRARY = "libc++";
				CLANG_ENABLE_MODULES = YES;
				CLANG_ENABLE_OBJC_ARC = YES;
				CLANG_ENABLE_OBJC_WEAK = YES;
				CLANG_WARN_BLOCK_CAPTURE_AUTORELEASING = YES;
				CLANG_WARN_BOOL_CONVERSION = YES;
				CLANG_WARN_COMMA = YES;
				CLANG_WARN_CONSTANT_CONVERSION = YES;
				CLANG_WARN_DEPRECATED_OBJC_IMPLEMENTATIONS = YES;
				CLANG_WARN_DIRECT_OBJC_ISA_USAGE = YES_ERROR;
				CLANG_WARN_DOCUMENTATION_COMMENTS = YES;
				CLANG_WARN_EMPTY_BODY = YES;
				CLANG_WARN_ENUM_CONVERSION = YES;
				CLANG_WARN_INFINITE_RECURSION = YES;
				CLANG_WARN_INT_CONVERSION = YES;
				CLANG_WARN_NON_LITERAL_NULL_CONVERSION = YES;
				CLANG_WARN_OBJC_IMPLICIT_RETAIN_SELF = YES;
				CLANG_WARN_OBJC_LITERAL_CONVERSION = YES;
				CLANG_WARN_OBJC_ROOT_CLASS = YES_ERROR;
				CLANG_WARN_RANGE_LOOP_ANALYSIS = YES;
				CLANG_WARN_STRICT_PROTOTYPES = YES;
				CLANG_WARN_SUSPICIOUS_MOVE = YES;
				CLANG_WARN_UNGUARDED_AVAILABILITY = YES_AGGRESSIVE;
				CLANG_WARN_UNREACHABLE_CODE = YES;
				CLANG_WARN__DUPLICATE_METHOD_MATCH = YES;
				COPY_PHASE_STRIP = NO;
				DEBUG_INFORMATION_FORMAT = "dwarf-with-dsym";
				ENABLE_NS_ASSERTIONS = NO;
				ENABLE_STRICT_OBJC_MSGSEND = YES;
				GCC_C_LANGUAGE_STANDARD = gnu11;
				GCC_NO_COMMON_BLOCKS = YES;
				GCC_WARN_64_TO_32_BIT_CONVERSION = YES;
				GCC_WARN_ABOUT_RETURN_TYPE = YES_ERROR;
				GCC_WARN_UNDECLARED_SELECTOR = YES;
				GCC_WARN_UNINITIALIZED_AUTOS = YES_AGGRESSIVE;
				GCC_WARN_UNUSED_FUNCTION = YES;
				GCC_WARN_UNUSED_VARIABLE = YES;
				IPHONEOS_DEPLOYMENT_TARGET = 13.2;
				MTL_ENABLE_DEBUG_INFO = NO;
				MTL_FAST_MATH = YES;
				SDKROOT = iphoneos;
				SWIFT_COMPILATION_MODE = wholemodule;
				SWIFT_OPTIMIZATION_LEVEL = "-O";
				VALIDATE_PRODUCT = YES;
			};
			name = Release;
		};
		24261BD323F6A3E1009DF49A /* Debug */ = {
			isa = XCBuildConfiguration;
			baseConfigurationReference = FF948485364ACC6335801C53 /* Pods-MovieWorld.debug.xcconfig */;
			buildSettings = {
				ASSETCATALOG_COMPILER_APPICON_NAME = AppIcon;
				CODE_SIGN_STYLE = Manual;
				DEVELOPMENT_TEAM = "";
				INFOPLIST_FILE = MovieWorld/Info.plist;
				IPHONEOS_DEPLOYMENT_TARGET = 11.0;
				LD_RUNPATH_SEARCH_PATHS = (
					"$(inherited)",
					"@executable_path/Frameworks",
				);
				PRODUCT_BUNDLE_IDENTIFIER = by.clevertec.MovieWorld;
				PRODUCT_NAME = "$(TARGET_NAME)";
				PROVISIONING_PROFILE_SPECIFIER = "";
				SWIFT_VERSION = 5.0;
				TARGETED_DEVICE_FAMILY = 1;
			};
			name = Debug;
		};
		24261BD423F6A3E1009DF49A /* Release */ = {
			isa = XCBuildConfiguration;
			baseConfigurationReference = D840BBF260C28B8ED11050DE /* Pods-MovieWorld.release.xcconfig */;
			buildSettings = {
				ASSETCATALOG_COMPILER_APPICON_NAME = AppIcon;
				CODE_SIGN_STYLE = Manual;
				DEVELOPMENT_TEAM = "";
				INFOPLIST_FILE = MovieWorld/Info.plist;
				IPHONEOS_DEPLOYMENT_TARGET = 11.0;
				LD_RUNPATH_SEARCH_PATHS = (
					"$(inherited)",
					"@executable_path/Frameworks",
				);
				PRODUCT_BUNDLE_IDENTIFIER = by.clevertec.MovieWorld;
				PRODUCT_NAME = "$(TARGET_NAME)";
				PROVISIONING_PROFILE_SPECIFIER = "";
				SWIFT_VERSION = 5.0;
				TARGETED_DEVICE_FAMILY = 1;
			};
			name = Release;
		};
/* End XCBuildConfiguration section */

/* Begin XCConfigurationList section */
		24261BB923F6A3E0009DF49A /* Build configuration list for PBXProject "MovieWorld" */ = {
			isa = XCConfigurationList;
			buildConfigurations = (
				24261BD023F6A3E1009DF49A /* Debug */,
				24261BD123F6A3E1009DF49A /* Release */,
			);
			defaultConfigurationIsVisible = 0;
			defaultConfigurationName = Release;
		};
		24261BD223F6A3E1009DF49A /* Build configuration list for PBXNativeTarget "MovieWorld" */ = {
			isa = XCConfigurationList;
			buildConfigurations = (
				24261BD323F6A3E1009DF49A /* Debug */,
				24261BD423F6A3E1009DF49A /* Release */,
			);
			defaultConfigurationIsVisible = 0;
			defaultConfigurationName = Release;
		};
/* End XCConfigurationList section */
	};
	rootObject = 24261BB623F6A3E0009DF49A /* Project object */;
}
